
Microsoft Visual Studio Solution File, Format Version 12.00
# Visual Studio Version 16
VisualStudioVersion = 16.0.30011.22
MinimumVisualStudioVersion = 10.0.40219.1
Project("{FAE04EC0-301F-11D3-BF4B-00C04F79EFBC}") = "LinkingExample.UWP", "LinkingExample\LinkingExample.UWP\LinkingExample.UWP.csproj", "{C6667101-7E98-496A-AEF2-EC97ECAA98C0}"
EndProject
Project("{FAE04EC0-301F-11D3-BF4B-00C04F79EFBC}") = "LinkingExample.Android", "LinkingExample\LinkingExample.Android\LinkingExample.Android.csproj", "{4EA68A6E-BE9D-4CDE-8A24-2EF9C8FC4DF1}"
EndProject
Project("{FAE04EC0-301F-11D3-BF4B-00C04F79EFBC}") = "LinkingExample.iOS", "LinkingExample\LinkingExample.iOS\LinkingExample.iOS.csproj", "{4E20BF54-0589-46D5-832E-032FB45EEE0D}"
EndProject
Project("{FAE04EC0-301F-11D3-BF4B-00C04F79EFBC}") = "LinkingExample", "LinkingExample\LinkingExample\LinkingExample.csproj", "{675B76CD-E214-42B8-A411-693ED17A93D2}"
EndProject
Project("{FAE04EC0-301F-11D3-BF4B-00C04F79EFBC}") = "ClassLibrary1", "ClassLibrary1\ClassLibrary1.csproj", "{CCD08D75-233F-4FC0-ABBB-85F0AF9269BD}"
EndProject
Global
	GlobalSection(SolutionConfigurationPlatforms) = preSolution
		Debug|Any CPU = Debug|Any CPU
		Debug|ARM = Debug|ARM
		Debug|iPhone = Debug|iPhone
		Debug|iPhoneSimulator = Debug|iPhoneSimulator
		Debug|x64 = Debug|x64
		Debug|x86 = Debug|x86
		Release|Any CPU = Release|Any CPU
		Release|ARM = Release|ARM
		Release|iPhone = Release|iPhone
		Release|iPhoneSimulator = Release|iPhoneSimulator
		Release|x64 = Release|x64
		Release|x86 = Release|x86
	EndGlobalSection
	GlobalSection(ProjectConfigurationPlatforms) = postSolution
		{C6667101-7E98-496A-AEF2-EC97ECAA98C0}.Debug|Any CPU.ActiveCfg = Debug|x86
		{C6667101-7E98-496A-AEF2-EC97ECAA98C0}.Debug|Any CPU.Build.0 = Debug|x86
		{C6667101-7E98-496A-AEF2-EC97ECAA98C0}.Debug|Any CPU.Deploy.0 = Debug|x86
		{C6667101-7E98-496A-AEF2-EC97ECAA98C0}.Debug|ARM.ActiveCfg = Debug|ARM
		{C6667101-7E98-496A-AEF2-EC97ECAA98C0}.Debug|ARM.Build.0 = Debug|ARM
		{C6667101-7E98-496A-AEF2-EC97ECAA98C0}.Debug|ARM.Deploy.0 = Debug|ARM
		{C6667101-7E98-496A-AEF2-EC97ECAA98C0}.Debug|iPhone.ActiveCfg = Debug|x86
		{C6667101-7E98-496A-AEF2-EC97ECAA98C0}.Debug|iPhone.Build.0 = Debug|x86
		{C6667101-7E98-496A-AEF2-EC97ECAA98C0}.Debug|iPhone.Deploy.0 = Debug|x86
		{C6667101-7E98-496A-AEF2-EC97ECAA98C0}.Debug|iPhoneSimulator.ActiveCfg = Debug|x86
		{C6667101-7E98-496A-AEF2-EC97ECAA98C0}.Debug|iPhoneSimulator.Build.0 = Debug|x86
		{C6667101-7E98-496A-AEF2-EC97ECAA98C0}.Debug|iPhoneSimulator.Deploy.0 = Debug|x86
		{C6667101-7E98-496A-AEF2-EC97ECAA98C0}.Debug|x64.ActiveCfg = Debug|x64
		{C6667101-7E98-496A-AEF2-EC97ECAA98C0}.Debug|x64.Build.0 = Debug|x64
		{C6667101-7E98-496A-AEF2-EC97ECAA98C0}.Debug|x64.Deploy.0 = Debug|x64
		{C6667101-7E98-496A-AEF2-EC97ECAA98C0}.Debug|x86.ActiveCfg = Debug|x86
		{C6667101-7E98-496A-AEF2-EC97ECAA98C0}.Debug|x86.Build.0 = Debug|x86
		{C6667101-7E98-496A-AEF2-EC97ECAA98C0}.Debug|x86.Deploy.0 = Debug|x86
		{C6667101-7E98-496A-AEF2-EC97ECAA98C0}.Release|Any CPU.ActiveCfg = Release|x86
		{C6667101-7E98-496A-AEF2-EC97ECAA98C0}.Release|Any CPU.Build.0 = Release|x86
		{C6667101-7E98-496A-AEF2-EC97ECAA98C0}.Release|Any CPU.Deploy.0 = Release|x86
		{C6667101-7E98-496A-AEF2-EC97ECAA98C0}.Release|ARM.ActiveCfg = Release|ARM
		{C6667101-7E98-496A-AEF2-EC97ECAA98C0}.Release|ARM.Build.0 = Release|ARM
		{C6667101-7E98-496A-AEF2-EC97ECAA98C0}.Release|ARM.Deploy.0 = Release|ARM
		{C6667101-7E98-496A-AEF2-EC97ECAA98C0}.Release|iPhone.ActiveCfg = Release|x86
		{C6667101-7E98-496A-AEF2-EC97ECAA98C0}.Release|iPhone.Build.0 = Release|x86
		{C6667101-7E98-496A-AEF2-EC97ECAA98C0}.Release|iPhone.Deploy.0 = Release|x86
		{C6667101-7E98-496A-AEF2-EC97ECAA98C0}.Release|iPhoneSimulator.ActiveCfg = Release|x86
		{C6667101-7E98-496A-AEF2-EC97ECAA98C0}.Release|iPhoneSimulator.Build.0 = Release|x86
		{C6667101-7E98-496A-AEF2-EC97ECAA98C0}.Release|iPhoneSimulator.Deploy.0 = Release|x86
		{C6667101-7E98-496A-AEF2-EC97ECAA98C0}.Release|x64.ActiveCfg = Release|x64
		{C6667101-7E98-496A-AEF2-EC97ECAA98C0}.Release|x64.Build.0 = Release|x64
		{C6667101-7E98-496A-AEF2-EC97ECAA98C0}.Release|x64.Deploy.0 = Release|x64
		{C6667101-7E98-496A-AEF2-EC97ECAA98C0}.Release|x86.ActiveCfg = Release|x86
		{C6667101-7E98-496A-AEF2-EC97ECAA98C0}.Release|x86.Build.0 = Release|x86
		{C6667101-7E98-496A-AEF2-EC97ECAA98C0}.Release|x86.Deploy.0 = Release|x86
		{4EA68A6E-BE9D-4CDE-8A24-2EF9C8FC4DF1}.Debug|Any CPU.ActiveCfg = Debug|Any CPU
		{4EA68A6E-BE9D-4CDE-8A24-2EF9C8FC4DF1}.Debug|Any CPU.Build.0 = Debug|Any CPU
		{4EA68A6E-BE9D-4CDE-8A24-2EF9C8FC4DF1}.Debug|Any CPU.Deploy.0 = Debug|Any CPU
		{4EA68A6E-BE9D-4CDE-8A24-2EF9C8FC4DF1}.Debug|ARM.ActiveCfg = Debug|Any CPU
		{4EA68A6E-BE9D-4CDE-8A24-2EF9C8FC4DF1}.Debug|ARM.Build.0 = Debug|Any CPU
		{4EA68A6E-BE9D-4CDE-8A24-2EF9C8FC4DF1}.Debug|ARM.Deploy.0 = Debug|Any CPU
		{4EA68A6E-BE9D-4CDE-8A24-2EF9C8FC4DF1}.Debug|iPhone.ActiveCfg = Debug|Any CPU
		{4EA68A6E-BE9D-4CDE-8A24-2EF9C8FC4DF1}.Debug|iPhone.Build.0 = Debug|Any CPU
		{4EA68A6E-BE9D-4CDE-8A24-2EF9C8FC4DF1}.Debug|iPhone.Deploy.0 = Debug|Any CPU
		{4EA68A6E-BE9D-4CDE-8A24-2EF9C8FC4DF1}.Debug|iPhoneSimulator.ActiveCfg = Debug|Any CPU
		{4EA68A6E-BE9D-4CDE-8A24-2EF9C8FC4DF1}.Debug|iPhoneSimulator.Build.0 = Debug|Any CPU
		{4EA68A6E-BE9D-4CDE-8A24-2EF9C8FC4DF1}.Debug|iPhoneSimulator.Deploy.0 = Debug|Any CPU
		{4EA68A6E-BE9D-4CDE-8A24-2EF9C8FC4DF1}.Debug|x64.ActiveCfg = Debug|Any CPU
		{4EA68A6E-BE9D-4CDE-8A24-2EF9C8FC4DF1}.Debug|x64.Build.0 = Debug|Any CPU
		{4EA68A6E-BE9D-4CDE-8A24-2EF9C8FC4DF1}.Debug|x64.Deploy.0 = Debug|Any CPU
		{4EA68A6E-BE9D-4CDE-8A24-2EF9C8FC4DF1}.Debug|x86.ActiveCfg = Debug|Any CPU
		{4EA68A6E-BE9D-4CDE-8A24-2EF9C8FC4DF1}.Debug|x86.Build.0 = Debug|Any CPU
		{4EA68A6E-BE9D-4CDE-8A24-2EF9C8FC4DF1}.Debug|x86.Deploy.0 = Debug|Any CPU
		{4EA68A6E-BE9D-4CDE-8A24-2EF9C8FC4DF1}.Release|Any CPU.ActiveCfg = Release|Any CPU
		{4EA68A6E-BE9D-4CDE-8A24-2EF9C8FC4DF1}.Release|Any CPU.Build.0 = Release|Any CPU
		{4EA68A6E-BE9D-4CDE-8A24-2EF9C8FC4DF1}.Release|Any CPU.Deploy.0 = Release|Any CPU
		{4EA68A6E-BE9D-4CDE-8A24-2EF9C8FC4DF1}.Release|ARM.ActiveCfg = Release|Any CPU
		{4EA68A6E-BE9D-4CDE-8A24-2EF9C8FC4DF1}.Release|ARM.Build.0 = Release|Any CPU
		{4EA68A6E-BE9D-4CDE-8A24-2EF9C8FC4DF1}.Release|ARM.Deploy.0 = Release|Any CPU
		{4EA68A6E-BE9D-4CDE-8A24-2EF9C8FC4DF1}.Release|iPhone.ActiveCfg = Release|Any CPU
		{4EA68A6E-BE9D-4CDE-8A24-2EF9C8FC4DF1}.Release|iPhone.Build.0 = Release|Any CPU
		{4EA68A6E-BE9D-4CDE-8A24-2EF9C8FC4DF1}.Release|iPhone.Deploy.0 = Release|Any CPU
		{4EA68A6E-BE9D-4CDE-8A24-2EF9C8FC4DF1}.Release|iPhoneSimulator.ActiveCfg = Release|Any CPU
		{4EA68A6E-BE9D-4CDE-8A24-2EF9C8FC4DF1}.Release|iPhoneSimulator.Build.0 = Release|Any CPU
		{4EA68A6E-BE9D-4CDE-8A24-2EF9C8FC4DF1}.Release|iPhoneSimulator.Deploy.0 = Release|Any CPU
		{4EA68A6E-BE9D-4CDE-8A24-2EF9C8FC4DF1}.Release|x64.ActiveCfg = Release|Any CPU
		{4EA68A6E-BE9D-4CDE-8A24-2EF9C8FC4DF1}.Release|x64.Build.0 = Release|Any CPU
		{4EA68A6E-BE9D-4CDE-8A24-2EF9C8FC4DF1}.Release|x64.Deploy.0 = Release|Any CPU
		{4EA68A6E-BE9D-4CDE-8A24-2EF9C8FC4DF1}.Release|x86.ActiveCfg = Release|Any CPU
		{4EA68A6E-BE9D-4CDE-8A24-2EF9C8FC4DF1}.Release|x86.Build.0 = Release|Any CPU
		{4EA68A6E-BE9D-4CDE-8A24-2EF9C8FC4DF1}.Release|x86.Deploy.0 = Release|Any CPU
		{4E20BF54-0589-46D5-832E-032FB45EEE0D}.Debug|Any CPU.ActiveCfg = Debug|iPhone
		{4E20BF54-0589-46D5-832E-032FB45EEE0D}.Debug|Any CPU.Build.0 = Debug|iPhone
		{4E20BF54-0589-46D5-832E-032FB45EEE0D}.Debug|Any CPU.Deploy.0 = Debug|iPhone
		{4E20BF54-0589-46D5-832E-032FB45EEE0D}.Debug|ARM.ActiveCfg = Debug|iPhone
		{4E20BF54-0589-46D5-832E-032FB45EEE0D}.Debug|ARM.Build.0 = Debug|iPhone
		{4E20BF54-0589-46D5-832E-032FB45EEE0D}.Debug|ARM.Deploy.0 = Debug|iPhone
		{4E20BF54-0589-46D5-832E-032FB45EEE0D}.Debug|iPhone.ActiveCfg = Debug|iPhone
		{4E20BF54-0589-46D5-832E-032FB45EEE0D}.Debug|iPhone.Build.0 = Debug|iPhone
		{4E20BF54-0589-46D5-832E-032FB45EEE0D}.Debug|iPhone.Deploy.0 = Debug|iPhone
		{4E20BF54-0589-46D5-832E-032FB45EEE0D}.Debug|iPhoneSimulator.ActiveCfg = Debug|iPhoneSimulator
		{4E20BF54-0589-46D5-832E-032FB45EEE0D}.Debug|iPhoneSimulator.Build.0 = Debug|iPhoneSimulator
		{4E20BF54-0589-46D5-832E-032FB45EEE0D}.Debug|iPhoneSimulator.Deploy.0 = Debug|iPhoneSimulator
		{4E20BF54-0589-46D5-832E-032FB45EEE0D}.Debug|x64.ActiveCfg = Debug|iPhone
		{4E20BF54-0589-46D5-832E-032FB45EEE0D}.Debug|x64.Build.0 = Debug|iPhone
		{4E20BF54-0589-46D5-832E-032FB45EEE0D}.Debug|x64.Deploy.0 = Debug|iPhone
		{4E20BF54-0589-46D5-832E-032FB45EEE0D}.Debug|x86.ActiveCfg = Debug|iPhone
		{4E20BF54-0589-46D5-832E-032FB45EEE0D}.Debug|x86.Build.0 = Debug|iPhone
		{4E20BF54-0589-46D5-832E-032FB45EEE0D}.Debug|x86.Deploy.0 = Debug|iPhone
		{4E20BF54-0589-46D5-832E-032FB45EEE0D}.Release|Any CPU.ActiveCfg = Release|iPhone
		{4E20BF54-0589-46D5-832E-032FB45EEE0D}.Release|Any CPU.Build.0 = Release|iPhone
		{4E20BF54-0589-46D5-832E-032FB45EEE0D}.Release|Any CPU.Deploy.0 = Release|iPhone
		{4E20BF54-0589-46D5-832E-032FB45EEE0D}.Release|ARM.ActiveCfg = Release|iPhone
		{4E20BF54-0589-46D5-832E-032FB45EEE0D}.Release|ARM.Build.0 = Release|iPhone
		{4E20BF54-0589-46D5-832E-032FB45EEE0D}.Release|ARM.Deploy.0 = Release|iPhone
		{4E20BF54-0589-46D5-832E-032FB45EEE0D}.Release|iPhone.ActiveCfg = Release|iPhone
		{4E20BF54-0589-46D5-832E-032FB45EEE0D}.Release|iPhone.Build.0 = Release|iPhone
		{4E20BF54-0589-46D5-832E-032FB45EEE0D}.Release|iPhone.Deploy.0 = Release|iPhone
		{4E20BF54-0589-46D5-832E-032FB45EEE0D}.Release|iPhoneSimulator.ActiveCfg = Release|iPhoneSimulator
		{4E20BF54-0589-46D5-832E-032FB45EEE0D}.Release|iPhoneSimulator.Build.0 = Release|iPhoneSimulator
		{4E20BF54-0589-46D5-832E-032FB45EEE0D}.Release|iPhoneSimulator.Deploy.0 = Release|iPhoneSimulator
		{4E20BF54-0589-46D5-832E-032FB45EEE0D}.Release|x64.ActiveCfg = Release|iPhone
		{4E20BF54-0589-46D5-832E-032FB45EEE0D}.Release|x64.Build.0 = Release|iPhone
		{4E20BF54-0589-46D5-832E-032FB45EEE0D}.Release|x64.Deploy.0 = Release|iPhone
		{4E20BF54-0589-46D5-832E-032FB45EEE0D}.Release|x86.ActiveCfg = Release|iPhone
		{4E20BF54-0589-46D5-832E-032FB45EEE0D}.Release|x86.Build.0 = Release|iPhone
		{4E20BF54-0589-46D5-832E-032FB45EEE0D}.Release|x86.Deploy.0 = Release|iPhone
		{675B76CD-E214-42B8-A411-693ED17A93D2}.Debug|Any CPU.ActiveCfg = Debug|Any CPU
		{675B76CD-E214-42B8-A411-693ED17A93D2}.Debug|Any CPU.Build.0 = Debug|Any CPU
		{675B76CD-E214-42B8-A411-693ED17A93D2}.Debug|Any CPU.Deploy.0 = Debug|Any CPU
		{675B76CD-E214-42B8-A411-693ED17A93D2}.Debug|ARM.ActiveCfg = Debug|Any CPU
		{675B76CD-E214-42B8-A411-693ED17A93D2}.Debug|ARM.Build.0 = Debug|Any CPU
		{675B76CD-E214-42B8-A411-693ED17A93D2}.Debug|ARM.Deploy.0 = Debug|Any CPU
		{675B76CD-E214-42B8-A411-693ED17A93D2}.Debug|iPhone.ActiveCfg = Debug|Any CPU
		{675B76CD-E214-42B8-A411-693ED17A93D2}.Debug|iPhone.Build.0 = Debug|Any CPU
		{675B76CD-E214-42B8-A411-693ED17A93D2}.Debug|iPhone.Deploy.0 = Debug|Any CPU
		{675B76CD-E214-42B8-A411-693ED17A93D2}.Debug|iPhoneSimulator.ActiveCfg = Debug|Any CPU
		{675B76CD-E214-42B8-A411-693ED17A93D2}.Debug|iPhoneSimulator.Build.0 = Debug|Any CPU
		{675B76CD-E214-42B8-A411-693ED17A93D2}.Debug|iPhoneSimulator.Deploy.0 = Debug|Any CPU
		{675B76CD-E214-42B8-A411-693ED17A93D2}.Debug|x64.ActiveCfg = Debug|Any CPU
		{675B76CD-E214-42B8-A411-693ED17A93D2}.Debug|x64.Build.0 = Debug|Any CPU
		{675B76CD-E214-42B8-A411-693ED17A93D2}.Debug|x64.Deploy.0 = Debug|Any CPU
		{675B76CD-E214-42B8-A411-693ED17A93D2}.Debug|x86.ActiveCfg = Debug|Any CPU
		{675B76CD-E214-42B8-A411-693ED17A93D2}.Debug|x86.Build.0 = Debug|Any CPU
		{675B76CD-E214-42B8-A411-693ED17A93D2}.Debug|x86.Deploy.0 = Debug|Any CPU
		{675B76CD-E214-42B8-A411-693ED17A93D2}.Release|Any CPU.ActiveCfg = Release|Any CPU
		{675B76CD-E214-42B8-A411-693ED17A93D2}.Release|Any CPU.Build.0 = Release|Any CPU
		{675B76CD-E214-42B8-A411-693ED17A93D2}.Release|Any CPU.Deploy.0 = Release|Any CPU
		{675B76CD-E214-42B8-A411-693ED17A93D2}.Release|ARM.ActiveCfg = Release|Any CPU
		{675B76CD-E214-42B8-A411-693ED17A93D2}.Release|ARM.Build.0 = Release|Any CPU
		{675B76CD-E214-42B8-A411-693ED17A93D2}.Release|ARM.Deploy.0 = Release|Any CPU
		{675B76CD-E214-42B8-A411-693ED17A93D2}.Release|iPhone.ActiveCfg = Release|Any CPU
		{675B76CD-E214-42B8-A411-693ED17A93D2}.Release|iPhone.Build.0 = Release|Any CPU
		{675B76CD-E214-42B8-A411-693ED17A93D2}.Release|iPhone.Deploy.0 = Release|Any CPU
		{675B76CD-E214-42B8-A411-693ED17A93D2}.Release|iPhoneSimulator.ActiveCfg = Release|Any CPU
		{675B76CD-E214-42B8-A411-693ED17A93D2}.Release|iPhoneSimulator.Build.0 = Release|Any CPU
		{675B76CD-E214-42B8-A411-693ED17A93D2}.Release|iPhoneSimulator.Deploy.0 = Release|Any CPU
		{675B76CD-E214-42B8-A411-693ED17A93D2}.Release|x64.ActiveCfg = Release|Any CPU
		{675B76CD-E214-42B8-A411-693ED17A93D2}.Release|x64.Build.0 = Release|Any CPU
		{675B76CD-E214-42B8-A411-693ED17A93D2}.Release|x64.Deploy.0 = Release|Any CPU
		{675B76CD-E214-42B8-A411-693ED17A93D2}.Release|x86.ActiveCfg = Release|Any CPU
		{675B76CD-E214-42B8-A411-693ED17A93D2}.Release|x86.Build.0 = Release|Any CPU
		{675B76CD-E214-42B8-A411-693ED17A93D2}.Release|x86.Deploy.0 = Release|Any CPU
		{CCD08D75-233F-4FC0-ABBB-85F0AF9269BD}.Debug|Any CPU.ActiveCfg = Debug|Any CPU
		{CCD08D75-233F-4FC0-ABBB-85F0AF9269BD}.Debug|Any CPU.Build.0 = Debug|Any CPU
		{CCD08D75-233F-4FC0-ABBB-85F0AF9269BD}.Debug|ARM.ActiveCfg = Debug|Any CPU
		{CCD08D75-233F-4FC0-ABBB-85F0AF9269BD}.Debug|ARM.Build.0 = Debug|Any CPU
		{CCD08D75-233F-4FC0-ABBB-85F0AF9269BD}.Debug|iPhone.ActiveCfg = Debug|Any CPU
		{CCD08D75-233F-4FC0-ABBB-85F0AF9269BD}.Debug|iPhone.Build.0 = Debug|Any CPU
		{CCD08D75-233F-4FC0-ABBB-85F0AF9269BD}.Debug|iPhoneSimulator.ActiveCfg = Debug|Any CPU
		{CCD08D75-233F-4FC0-ABBB-85F0AF9269BD}.Debug|iPhoneSimulator.Build.0 = Debug|Any CPU
		{CCD08D75-233F-4FC0-ABBB-85F0AF9269BD}.Debug|x64.ActiveCfg = Debug|Any CPU
		{CCD08D75-233F-4FC0-ABBB-85F0AF9269BD}.Debug|x64.Build.0 = Debug|Any CPU
		{CCD08D75-233F-4FC0-ABBB-85F0AF9269BD}.Debug|x86.ActiveCfg = Debug|Any CPU
		{CCD08D75-233F-4FC0-ABBB-85F0AF9269BD}.Debug|x86.Build.0 = Debug|Any CPU
		{CCD08D75-233F-4FC0-ABBB-85F0AF9269BD}.Release|Any CPU.ActiveCfg = Release|Any CPU
		{CCD08D75-233F-4FC0-ABBB-85F0AF9269BD}.Release|Any CPU.Build.0 = Release|Any CPU
		{CCD08D75-233F-4FC0-ABBB-85F0AF9269BD}.Release|ARM.ActiveCfg = Release|Any CPU
		{CCD08D75-233F-4FC0-ABBB-85F0AF9269BD}.Release|ARM.Build.0 = Release|Any CPU
		{CCD08D75-233F-4FC0-ABBB-85F0AF9269BD}.Release|iPhone.ActiveCfg = Release|Any CPU
		{CCD08D75-233F-4FC0-ABBB-85F0AF9269BD}.Release|iPhone.Build.0 = Release|Any CPU
		{CCD08D75-233F-4FC0-ABBB-85F0AF9269BD}.Release|iPhoneSimulator.ActiveCfg = Release|Any CPU
		{CCD08D75-233F-4FC0-ABBB-85F0AF9269BD}.Release|iPhoneSimulator.Build.0 = Release|Any CPU
		{CCD08D75-233F-4FC0-ABBB-85F0AF9269BD}.Release|x64.ActiveCfg = Release|Any CPU
		{CCD08D75-233F-4FC0-ABBB-85F0AF9269BD}.Release|x64.Build.0 = Release|Any CPU
		{CCD08D75-233F-4FC0-ABBB-85F0AF9269BD}.Release|x86.ActiveCfg = Release|Any CPU
		{CCD08D75-233F-4FC0-ABBB-85F0AF9269BD}.Release|x86.Build.0 = Release|Any CPU
	EndGlobalSection
	GlobalSection(SolutionProperties) = preSolution
		HideSolutionNode = FALSE
	EndGlobalSection
	GlobalSection(ExtensibilityGlobals) = postSolution
		SolutionGuid = {ADB3F123-B39B-45E6-A4D3-84E805AC5520}
	EndGlobalSection
EndGlobal
